// !$*UTF8*$!
{
	archiveVersion = 1;
	classes = {
	};
	objectVersion = 50;
	objects = {

/* Begin PBXBuildFile section */
		A481C9862106B6050052691B /* AppDelegate.m in Sources */ = {isa = PBXBuildFile; fileRef = A481C97F2106B6050052691B /* AppDelegate.m */; };
		A481C9872106B6050052691B /* LaunchScreen.storyboard in Resources */ = {isa = PBXBuildFile; fileRef = A481C9802106B6050052691B /* LaunchScreen.storyboard */; };
		A481C9882106B6050052691B /* Info.plist in Resources */ = {isa = PBXBuildFile; fileRef = A481C9822106B6050052691B /* Info.plist */; };
		A481C9892106B6050052691B /* main.m in Sources */ = {isa = PBXBuildFile; fileRef = A481C9832106B6050052691B /* main.m */; };
		A481C98A2106B6050052691B /* ViewController.m in Sources */ = {isa = PBXBuildFile; fileRef = A481C9852106B6050052691B /* ViewController.m */; };
		A481C98E2106B6480052691B /* DDYDebugTool.m in Sources */ = {isa = PBXBuildFile; fileRef = A481C98D2106B6480052691B /* DDYDebugTool.m */; };
		A481C9912106C2CD0052691B /* DDYSystemInfo.m in Sources */ = {isa = PBXBuildFile; fileRef = A481C98F2106C2CD0052691B /* DDYSystemInfo.m */; };
		A481C9942106CCD40052691B /* DDYFPSMonitor.m in Sources */ = {isa = PBXBuildFile; fileRef = A481C9932106CCD40052691B /* DDYFPSMonitor.m */; };
/* End PBXBuildFile section */

/* Begin PBXFileReference section */
		A481C9672106B5870052691B /* DDYDebugTool.app */ = {isa = PBXFileReference; explicitFileType = wrapper.application; includeInIndex = 0; path = DDYDebugTool.app; sourceTree = BUILT_PRODUCTS_DIR; };
		A481C97E2106B6050052691B /* AppDelegate.h */ = {isa = PBXFileReference; fileEncoding = 4; lastKnownFileType = sourcecode.c.h; path = AppDelegate.h; sourceTree = "<group>"; };
		A481C97F2106B6050052691B /* AppDelegate.m */ = {isa = PBXFileReference; fileEncoding = 4; lastKnownFileType = sourcecode.c.objc; path = AppDelegate.m; sourceTree = "<group>"; };
		A481C9812106B6050052691B /* Base */ = {isa = PBXFileReference; lastKnownFileType = file.storyboard; name = Base; path = Base.lproj/LaunchScreen.storyboard; sourceTree = "<group>"; };
		A481C9822106B6050052691B /* Info.plist */ = {isa = PBXFileReference; fileEncoding = 4; lastKnownFileType = text.plist.xml; path = Info.plist; sourceTree = "<group>"; };
		A481C9832106B6050052691B /* main.m */ = {isa = PBXFileReference; fileEncoding = 4; lastKnownFileType = sourcecode.c.objc; path = main.m; sourceTree = "<group>"; };
		A481C9842106B6050052691B /* ViewController.h */ = {isa = PBXFileReference; fileEncoding = 4; lastKnownFileType = sourcecode.c.h; path = ViewController.h; sourceTree = "<group>"; };
		A481C9852106B6050052691B /* ViewController.m */ = {isa = PBXFileReference; fileEncoding = 4; lastKnownFileType = sourcecode.c.objc; path = ViewController.m; sourceTree = "<group>"; };
		A481C98C2106B6480052691B /* DDYDebugTool.h */ = {isa = PBXFileReference; lastKnownFileType = sourcecode.c.h; path = DDYDebugTool.h; sourceTree = "<group>"; };
		A481C98D2106B6480052691B /* DDYDebugTool.m */ = {isa = PBXFileReference; lastKnownFileType = sourcecode.c.objc; path = DDYDebugTool.m; sourceTree = "<group>"; };
		A481C98F2106C2CD0052691B /* DDYSystemInfo.m */ = {isa = PBXFileReference; fileEncoding = 4; lastKnownFileType = sourcecode.c.objc; path = DDYSystemInfo.m; sourceTree = "<group>"; };
		A481C9902106C2CD0052691B /* DDYSystemInfo.h */ = {isa = PBXFileReference; fileEncoding = 4; lastKnownFileType = sourcecode.c.h; path = DDYSystemInfo.h; sourceTree = "<group>"; };
		A481C9922106CCD40052691B /* DDYFPSMonitor.h */ = {isa = PBXFileReference; lastKnownFileType = sourcecode.c.h; path = DDYFPSMonitor.h; sourceTree = "<group>"; };
		A481C9932106CCD40052691B /* DDYFPSMonitor.m */ = {isa = PBXFileReference; lastKnownFileType = sourcecode.c.objc; path = DDYFPSMonitor.m; sourceTree = "<group>"; };
/* End PBXFileReference section */

/* Begin PBXFrameworksBuildPhase section */
		A481C9642106B5870052691B /* Frameworks */ = {
			isa = PBXFrameworksBuildPhase;
			buildActionMask = 2147483647;
			files = (
			);
			runOnlyForDeploymentPostprocessing = 0;
		};
/* End PBXFrameworksBuildPhase section */

/* Begin PBXGroup section */
		A481C95E2106B5860052691B = {
			isa = PBXGroup;
			children = (
				A481C9692106B5870052691B /* DDYDebugTool */,
				A481C9682106B5870052691B /* Products */,
			);
			sourceTree = "<group>";
		};
		A481C9682106B5870052691B /* Products */ = {
			isa = PBXGroup;
			children = (
				A481C9672106B5870052691B /* DDYDebugTool.app */,
			);
			name = Products;
			sourceTree = "<group>";
		};
		A481C9692106B5870052691B /* DDYDebugTool */ = {
			isa = PBXGroup;
			children = (
				A481C98B2106B6210052691B /* DDYDebugTool */,
				A481C97D2106B6050052691B /* System */,
			);
			path = DDYDebugTool;
			sourceTree = "<group>";
		};
		A481C97D2106B6050052691B /* System */ = {
			isa = PBXGroup;
			children = (
				A481C97E2106B6050052691B /* AppDelegate.h */,
				A481C97F2106B6050052691B /* AppDelegate.m */,
				A481C9802106B6050052691B /* LaunchScreen.storyboard */,
				A481C9822106B6050052691B /* Info.plist */,
				A481C9832106B6050052691B /* main.m */,
				A481C9842106B6050052691B /* ViewController.h */,
				A481C9852106B6050052691B /* ViewController.m */,
			);
			path = System;
			sourceTree = "<group>";
		};
		A481C98B2106B6210052691B /* DDYDebugTool */ = {
			isa = PBXGroup;
			children = (
				A481C9902106C2CD0052691B /* DDYSystemInfo.h */,
				A481C98F2106C2CD0052691B /* DDYSystemInfo.m */,
				A481C9922106CCD40052691B /* DDYFPSMonitor.h */,
				A481C9932106CCD40052691B /* DDYFPSMonitor.m */,
				A481C98C2106B6480052691B /* DDYDebugTool.h */,
				A481C98D2106B6480052691B /* DDYDebugTool.m */,
			);
			path = DDYDebugTool;
			sourceTree = "<group>";
		};
/* End PBXGroup section */

/* Begin PBXNativeTarget section */
		A481C9662106B5870052691B /* DDYDebugTool */ = {
			isa = PBXNativeTarget;
			buildConfigurationList = A481C97A2106B5990052691B /* Build configuration list for PBXNativeTarget "DDYDebugTool" */;
			buildPhases = (
				A481C9632106B5870052691B /* Sources */,
				A481C9642106B5870052691B /* Frameworks */,
				A481C9652106B5870052691B /* Resources */,
			);
			buildRules = (
			);
			dependencies = (
			);
			name = DDYDebugTool;
			productName = DDYDebugTool;
			productReference = A481C9672106B5870052691B /* DDYDebugTool.app */;
			productType = "com.apple.product-type.application";
		};
/* End PBXNativeTarget section */

/* Begin PBXProject section */
		A481C95F2106B5870052691B /* Project object */ = {
			isa = PBXProject;
			attributes = {
				LastUpgradeCheck = 0930;
				ORGANIZATIONNAME = com.smartmesh;
				TargetAttributes = {
					A481C9662106B5870052691B = {
						CreatedOnToolsVersion = 9.3;
					};
				};
			};
			buildConfigurationList = A481C9622106B5870052691B /* Build configuration list for PBXProject "DDYDebugTool" */;
			compatibilityVersion = "Xcode 9.3";
			developmentRegion = en;
			hasScannedForEncodings = 0;
			knownRegions = (
				en,
				Base,
			);
			mainGroup = A481C95E2106B5860052691B;
			productRefGroup = A481C9682106B5870052691B /* Products */;
			projectDirPath = "";
			projectRoot = "";
			targets = (
				A481C9662106B5870052691B /* DDYDebugTool */,
			);
		};
/* End PBXProject section */

/* Begin PBXResourcesBuildPhase section */
		A481C9652106B5870052691B /* Resources */ = {
			isa = PBXResourcesBuildPhase;
			buildActionMask = 2147483647;
			files = (
				A481C9882106B6050052691B /* Info.plist in Resources */,
				A481C9872106B6050052691B /* LaunchScreen.storyboard in Resources */,
			);
			runOnlyForDeploymentPostprocessing = 0;
		};
/* End PBXResourcesBuildPhase section */

/* Begin PBXSourcesBuildPhase section */
		A481C9632106B5870052691B /* Sources */ = {
			isa = PBXSourcesBuildPhase;
			buildActionMask = 2147483647;
			files = (
				A481C9942106CCD40052691B /* DDYFPSMonitor.m in Sources */,
				A481C98A2106B6050052691B /* ViewController.m in Sources */,
				A481C9912106C2CD0052691B /* DDYSystemInfo.m in Sources */,
				A481C9892106B6050052691B /* main.m in Sources */,
				A481C9862106B6050052691B /* AppDelegate.m in Sources */,
				A481C98E2106B6480052691B /* DDYDebugTool.m in Sources */,
			);
			runOnlyForDeploymentPostprocessing = 0;
		};
/* End PBXSourcesBuildPhase section */

/* Begin PBXVariantGroup section */
		A481C9802106B6050052691B /* LaunchScreen.storyboard */ = {
			isa = PBXVariantGroup;
			children = (
				A481C9812106B6050052691B /* Base */,
			);
			name = LaunchScreen.storyboard;
			sourceTree = "<group>";
		};
/* End PBXVariantGroup section */

/* Begin XCBuildConfiguration section */
		A481C9782106B5990052691B /* Debug */ = {
			isa = XCBuildConfiguration;
			buildSettings = {
				ALWAYS_SEARCH_USER_PATHS = NO;
				CLANG_ANALYZER_NONNULL = YES;
				CLANG_ANALYZER_NUMBER_OBJECT_CONVERSION = YES_AGGRESSIVE;
				CLANG_CXX_LANGUAGE_STANDARD = "gnu++14";
				CLANG_CXX_LIBRARY = "libc++";
				CLANG_ENABLE_MODULES = YES;
				CLANG_ENABLE_OBJC_ARC = YES;
				CLANG_ENABLE_OBJC_WEAK = YES;
				CLANG_WARN_BLOCK_CAPTURE_AUTORELEASING = YES;
				CLANG_WARN_BOOL_CONVERSION = YES;
				CLANG_WARN_COMMA = YES;
				CLANG_WARN_CONSTANT_CONVERSION = YES;
				CLANG_WARN_DEPRECATED_OBJC_IMPLEMENTATIONS = YES;
				CLANG_WARN_DIRECT_OBJC_ISA_USAGE = YES_ERROR;
				CLANG_WARN_DOCUMENTATION_COMMENTS = YES;
				CLANG_WARN_EMPTY_BODY = YES;
				CLANG_WARN_ENUM_CONVERSION = YES;
				CLANG_WARN_INFINITE_RECURSION = YES;
				CLANG_WARN_INT_CONVERSION = YES;
				CLANG_WARN_NON_LITERAL_NULL_CONVERSION = YES;
				CLANG_WARN_OBJC_IMPLICIT_RETAIN_SELF = YES;
				CLANG_WARN_OBJC_LITERAL_CONVERSION = YES;
				CLANG_WARN_OBJC_ROOT_CLASS = YES_ERROR;
				CLANG_WARN_RANGE_LOOP_ANALYSIS = YES;
				CLANG_WARN_STRICT_PROTOTYPES = YES;
				CLANG_WARN_SUSPICIOUS_MOVE = YES;
				CLANG_WARN_UNGUARDED_AVAILABILITY = YES_AGGRESSIVE;
				CLANG_WARN_UNREACHABLE_CODE = YES;
				CLANG_WARN__DUPLICATE_METHOD_MATCH = YES;
				CODE_SIGN_IDENTITY = "iPhone Developer";
				COPY_PHASE_STRIP = NO;
				DEBUG_INFORMATION_FORMAT = dwarf;
				ENABLE_STRICT_OBJC_MSGSEND = YES;
				ENABLE_TESTABILITY = YES;
				GCC_C_LANGUAGE_STANDARD = gnu11;
				GCC_DYNAMIC_NO_PIC = NO;
				GCC_NO_COMMON_BLOCKS = YES;
				GCC_OPTIMIZATION_LEVEL = 0;
				GCC_PREPROCESSOR_DEFINITIONS = (
					"DEBUG=1",
					"$(inherited)",
				);
				GCC_WARN_64_TO_32_BIT_CONVERSION = YES;
				GCC_WARN_ABOUT_RETURN_TYPE = YES_ERROR;
				GCC_WARN_UNDECLARED_SELECTOR = YES;
				GCC_WARN_UNINITIALIZED_AUTOS = YES_AGGRESSIVE;
				GCC_WARN_UNUSED_FUNCTION = YES;
				GCC_WARN_UNUSED_VARIABLE = YES;
				IPHONEOS_DEPLOYMENT_TARGET = 11.3;
				MTL_ENABLE_DEBUG_INFO = YES;
				ONLY_ACTIVE_ARCH = YES;
				SDKROOT = iphoneos;
			};
			name = Debug;
		};
		A481C9792106B5990052691B /* Release */ = {
			isa = XCBuildConfiguration;
			buildSettings = {
				ALWAYS_SEARCH_USER_PATHS = NO;
				CLANG_ANALYZER_NONNULL = YES;
				CLANG_ANALYZER_NUMBER_OBJECT_CONVERSION = YES_AGGRESSIVE;
				CLANG_CXX_LANGUAGE_STANDARD = "gnu++14";
				CLANG_CXX_LIBRARY = "libc++";
				CLANG_ENABLE_MODULES = YES;
				CLANG_ENABLE_OBJC_ARC = YES;
				CLANG_ENABLE_OBJC_WEAK = YES;
				CLANG_WARN_BLOCK_CAPTURE_AUTORELEASING = YES;
				CLANG_WARN_BOOL_CONVERSION = YES;
				CLANG_WARN_COMMA = YES;
				CLANG_WARN_CONSTANT_CONVERSION = YES;
				CLANG_WARN_DEPRECATED_OBJC_IMPLEMENTATIONS = YES;
				CLANG_WARN_DIRECT_OBJC_ISA_USAGE = YES_ERROR;
				CLANG_WARN_DOCUMENTATION_COMMENTS = YES;
				CLANG_WARN_EMPTY_BODY = YES;
				CLANG_WARN_ENUM_CONVERSION = YES;
				CLANG_WARN_INFINITE_RECURSION = YES;
				CLANG_WARN_INT_CONVERSION = YES;
				CLANG_WARN_NON_LITERAL_NULL_CONVERSION = YES;
				CLANG_WARN_OBJC_IMPLICIT_RETAIN_SELF = YES;
				CLANG_WARN_OBJC_LITERAL_CONVERSION = YES;
				CLANG_WARN_OBJC_ROOT_CLASS = YES_ERROR;
				CLANG_WARN_RANGE_LOOP_ANALYSIS = YES;
				CLANG_WARN_STRICT_PROTOTYPES = YES;
				CLANG_WARN_SUSPICIOUS_MOVE = YES;
				CLANG_WARN_UNGUARDED_AVAILABILITY = YES_AGGRESSIVE;
				CLANG_WARN_UNREACHABLE_CODE = YES;
				CLANG_WARN__DUPLICATE_METHOD_MATCH = YES;
				CODE_SIGN_IDENTITY = "iPhone Developer";
				COPY_PHASE_STRIP = NO;
				DEBUG_INFORMATION_FORMAT = "dwarf-with-dsym";
				ENABLE_NS_ASSERTIONS = NO;
				ENABLE_STRICT_OBJC_MSGSEND = YES;
				GCC_C_LANGUAGE_STANDARD = gnu11;
				GCC_NO_COMMON_BLOCKS = YES;
				GCC_WARN_64_TO_32_BIT_CONVERSION = YES;
				GCC_WARN_ABOUT_RETURN_TYPE = YES_ERROR;
				GCC_WARN_UNDECLARED_SELECTOR = YES;
				GCC_WARN_UNINITIALIZED_AUTOS = YES_AGGRESSIVE;
				GCC_WARN_UNUSED_FUNCTION = YES;
				GCC_WARN_UNUSED_VARIABLE = YES;
				IPHONEOS_DEPLOYMENT_TARGET = 11.3;
				MTL_ENABLE_DEBUG_INFO = NO;
				SDKROOT = iphoneos;
				VALIDATE_PRODUCT = YES;
			};
			name = Release;
		};
		A481C97B2106B5990052691B /* Debug */ = {
			isa = XCBuildConfiguration;
			buildSettings = {
				CODE_SIGN_STYLE = Automatic;
				DEVELOPMENT_TEAM = 23JJ7VRKJT;
				INFOPLIST_FILE = "$(SRCROOT)/DDYDebugTool/System/Info.plist";
				IPHONEOS_DEPLOYMENT_TARGET = 8.0;
				LD_RUNPATH_SEARCH_PATHS = (
					"$(inherited)",
					"@executable_path/Frameworks",
				);
				PRODUCT_BUNDLE_IDENTIFIER = com.smartmesh.smart2;
				PRODUCT_NAME = "$(TARGET_NAME)";
				TARGETED_DEVICE_FAMILY = "1,2";
			};
			name = Debug;
		};
		A481C97C2106B5990052691B /* Release */ = {
			isa = XCBuildConfiguration;
			buildSettings = {
				CODE_SIGN_STYLE = Automatic;
				DEVELOPMENT_TEAM = 23JJ7VRKJT;
				INFOPLIST_FILE = "$(SRCROOT)/DDYDebugTool/System/Info.plist";
				IPHONEOS_DEPLOYMENT_TARGET = 8.0;
				LD_RUNPATH_SEARCH_PATHS = (
					"$(inherited)",
					"@executable_path/Frameworks",
				);
				PRODUCT_BUNDLE_IDENTIFIER = com.smartmesh.smart2;
				PRODUCT_NAME = "$(TARGET_NAME)";
				TARGETED_DEVICE_FAMILY = "1,2";
			};
			name = Release;
		};
/* End XCBuildConfiguration section */

/* Begin XCConfigurationList section */
		A481C9622106B5870052691B /* Build configuration list for PBXProject "DDYDebugTool" */ = {
			isa = XCConfigurationList;
			buildConfigurations = (
				A481C9782106B5990052691B /* Debug */,
				A481C9792106B5990052691B /* Release */,
			);
			defaultConfigurationIsVisible = 0;
			defaultConfigurationName = Release;
		};
		A481C97A2106B5990052691B /* Build configuration list for PBXNativeTarget "DDYDebugTool" */ = {
			isa = XCConfigurationList;
			buildConfigurations = (
				A481C97B2106B5990052691B /* Debug */,
				A481C97C2106B5990052691B /* Release */,
			);
			defaultConfigurationIsVisible = 0;
			defaultConfigurationName = Release;
		};
/* End XCConfigurationList section */
	};
	rootObject = A481C95F2106B5870052691B /* Project object */;
}
